
Microsoft Visual Studio Solution File, Format Version 12.00
# Visual Studio Version 16
VisualStudioVersion = 16.0.31702.278
MinimumVisualStudioVersion = 10.0.40219.1
Project("{FAE04EC0-301F-11D3-BF4B-00C04F79EFBC}") = "Poprijenok", "Poprijenok\Poprijenok.csproj", "{169D4AF2-C42B-43FD-B88D-212DD01CA020}"
EndProject
Global
	GlobalSection(SolutionConfigurationPlatforms) = preSolution
		Debug|Any CPU = Debug|Any CPU
		Release|Any CPU = Release|Any CPU
	EndGlobalSection
	GlobalSection(ProjectConfigurationPlatforms) = postSolution
		{169D4AF2-C42B-43FD-B88D-212DD01CA020}.Debug|Any CPU.ActiveCfg = Debug|Any CPU
		{169D4AF2-C42B-43FD-B88D-212DD01CA020}.Debug|Any CPU.Build.0 = Debug|Any CPU
		{169D4AF2-C42B-43FD-B88D-212DD01CA020}.Release|Any CPU.ActiveCfg = Release|Any CPU
		{169D4AF2-C42B-43FD-B88D-212DD01CA020}.Release|Any CPU.Build.0 = Release|Any CPU
	EndGlobalSection
	GlobalSection(SolutionProperties) = preSolution
		HideSolutionNode = FALSE
	EndGlobalSection
	GlobalSection(ExtensibilityGlobals) = postSolution
		SolutionGuid = {C152BE58-B7ED-467D-A2CF-15A4866B8F7F}
	EndGlobalSection
EndGlobal
